
Microsoft Visual Studio Solution File, Format Version 12.00
# Visual Studio Version 17
VisualStudioVersion = 17.0.31903.59
MinimumVisualStudioVersion = 10.0.40219.1
Project("{9A19103F-16F7-4668-BE54-9A1E7A4F7556}") = "AdvancedEshop.Web", "AdvancedEshop.Web\AdvancedEshop.Web.csproj", "{63534639-13EC-44F1-8DA2-8BC9B40EAADC}"
EndProject
Project("{9A19103F-16F7-4668-BE54-9A1E7A4F7556}") = "AdvancedEshop.Web.API", "AdvancedEshop.Web.API\AdvancedEshop.Web.API.csproj", "{6AE72ED8-7CF5-470B-870F-372ABFAFBC0B}"
EndProject
Global
	GlobalSection(SolutionConfigurationPlatforms) = preSolution
		Debug|Any CPU = Debug|Any CPU
		Release|Any CPU = Release|Any CPU
	EndGlobalSection
	GlobalSection(ProjectConfigurationPlatforms) = postSolution
		{63534639-13EC-44F1-8DA2-8BC9B40EAADC}.Debug|Any CPU.ActiveCfg = Debug|Any CPU
		{63534639-13EC-44F1-8DA2-8BC9B40EAADC}.Debug|Any CPU.Build.0 = Debug|Any CPU
		{63534639-13EC-44F1-8DA2-8BC9B40EAADC}.Release|Any CPU.ActiveCfg = Release|Any CPU
		{63534639-13EC-44F1-8DA2-8BC9B40EAADC}.Release|Any CPU.Build.0 = Release|Any CPU
		{6AE72ED8-7CF5-470B-870F-372ABFAFBC0B}.Debug|Any CPU.ActiveCfg = Debug|Any CPU
		{6AE72ED8-7CF5-470B-870F-372ABFAFBC0B}.Debug|Any CPU.Build.0 = Debug|Any CPU
		{6AE72ED8-7CF5-470B-870F-372ABFAFBC0B}.Release|Any CPU.ActiveCfg = Release|Any CPU
		{6AE72ED8-7CF5-470B-870F-372ABFAFBC0B}.Release|Any CPU.Build.0 = Release|Any CPU
	EndGlobalSection
	GlobalSection(SolutionProperties) = preSolution
		HideSolutionNode = FALSE
	EndGlobalSection
	GlobalSection(ExtensibilityGlobals) = postSolution
		SolutionGuid = {F8D21B24-608A-45FE-9A21-94BF1B12B4C0}
	EndGlobalSection
EndGlobal
